{
  "nodes": {
    "caelestia-cli": {
      "inputs": {
        "caelestia-shell": [],
        "nixpkgs": [
          "nixpkgs"
        ]
      },
      "locked": {
        "lastModified": 1777470967,
        "narHash": "sha256-u8QP1TYolV6BR0qsK2NHY1qZ/PdNAgrVxUcSDZdl35Q=",
        "owner": "caelestia-dots",
        "repo": "cli",
        "rev": "5c9ce66c031788df50bbfbea195bf773ddbf92bc",
        "type": "github"
      },
      "original": {
        "owner": "caelestia-dots",
        "repo": "cli",
        "type": "github"
      }
    },
    "nixpkgs": {
      "locked": {
        "lastModified": 1777268161,
        "narHash": "sha256-bxrdOn8SCOv8tN4JbTF/TXq7kjo9ag4M+C8yzzIRYbE=",
        "owner": "nixos",
        "repo": "nixpkgs",
        "rev": "1c3fe55ad329cbcb28471bb30f05c9827f724c76",
        "type": "github"
      },
      "original": {
        "owner": "nixos",
        "ref": "nixos-unstable",
        "repo": "nixpkgs",
        "type": "github"
      }
    },
    "quickshell": {
      "inputs": {
        "nixpkgs": [
          "nixpkgs"
        ]
      },
      "locked": {
        "lastModified": 1777341401,
        "narHash": "sha256-QEAVYeXxvTamsYJVBq8+qSJV9ml2MxqRaZvkobfuPWA=",
        "ref": "refs/heads/master",
        "rev": "0baa81aa03559ca315668e5a306364cddf1a6f49",
        "revCount": 812,
        "type": "git",
        "url": "https://git.outfoxxed.me/outfoxxed/quickshell"
      },
      "original": {
        "type": "git",
        "url": "https://git.outfoxxed.me/outfoxxed/quickshell"
      }
    },
    "root": {
      "inputs": {
        "caelestia-cli": "caelestia-cli",
        "nixpkgs": "nixpkgs",
        "quickshell": "quickshell"
      }
    }
  },
  "root": "root",
  "version": 7
}
